// !$*UTF8*$!
{
	archiveVersion = 1;
	classes = {
	};
	objectVersion = 56;
	objects = {

/* Begin PBXBuildFile section */
		DE0E7C0C29CB9BE30099E056 /* User.swift in Sources */ = {isa = PBXBuildFile; fileRef = DE0E7C0B29CB9BE30099E056 /* User.swift */; };
		DE0E7C1029CB9BFC0099E056 /* Address.swift in Sources */ = {isa = PBXBuildFile; fileRef = DE0E7C0D29CB9BFC0099E056 /* Address.swift */; };
		DE0E7C1129CB9BFC0099E056 /* Company.swift in Sources */ = {isa = PBXBuildFile; fileRef = DE0E7C0E29CB9BFC0099E056 /* Company.swift */; };
		DE0E7C1229CB9BFC0099E056 /* Geo.swift in Sources */ = {isa = PBXBuildFile; fileRef = DE0E7C0F29CB9BFC0099E056 /* Geo.swift */; };
		DE5E37F129CB279A009C2EB6 /* AlamofireAPIServiceMVVMApp.swift in Sources */ = {isa = PBXBuildFile; fileRef = DE5E37F029CB279A009C2EB6 /* AlamofireAPIServiceMVVMApp.swift */; };
		DE5E37F329CB279A009C2EB6 /* ContentView.swift in Sources */ = {isa = PBXBuildFile; fileRef = DE5E37F229CB279A009C2EB6 /* ContentView.swift */; };
		DE5E37F529CB279B009C2EB6 /* Assets.xcassets in Resources */ = {isa = PBXBuildFile; fileRef = DE5E37F429CB279B009C2EB6 /* Assets.xcassets */; };
		DE5E37F829CB279B009C2EB6 /* Preview Assets.xcassets in Resources */ = {isa = PBXBuildFile; fileRef = DE5E37F729CB279B009C2EB6 /* Preview Assets.xcassets */; };
		DE5E380129CB2976009C2EB6 /* ApiService.swift in Sources */ = {isa = PBXBuildFile; fileRef = DE5E380029CB2976009C2EB6 /* ApiService.swift */; };
		DE5E380429CB29C2009C2EB6 /* Alamofire in Frameworks */ = {isa = PBXBuildFile; productRef = DE5E380329CB29C2009C2EB6 /* Alamofire */; };
		DE5E380629CB29FB009C2EB6 /* UserViewModel.swift in Sources */ = {isa = PBXBuildFile; fileRef = DE5E380529CB29FB009C2EB6 /* UserViewModel.swift */; };
		DE5E380E29CB351E009C2EB6 /* UserDetailView.swift in Sources */ = {isa = PBXBuildFile; fileRef = DE5E380D29CB351E009C2EB6 /* UserDetailView.swift */; };
/* End PBXBuildFile section */

/* Begin PBXFileReference section */
		DE0E7C0B29CB9BE30099E056 /* User.swift */ = {isa = PBXFileReference; fileEncoding = 4; lastKnownFileType = sourcecode.swift; path = User.swift; sourceTree = "<group>"; };
		DE0E7C0D29CB9BFC0099E056 /* Address.swift */ = {isa = PBXFileReference; fileEncoding = 4; lastKnownFileType = sourcecode.swift; path = Address.swift; sourceTree = "<group>"; };
		DE0E7C0E29CB9BFC0099E056 /* Company.swift */ = {isa = PBXFileReference; fileEncoding = 4; lastKnownFileType = sourcecode.swift; path = Company.swift; sourceTree = "<group>"; };
		DE0E7C0F29CB9BFC0099E056 /* Geo.swift */ = {isa = PBXFileReference; fileEncoding = 4; lastKnownFileType = sourcecode.swift; path = Geo.swift; sourceTree = "<group>"; };
		DE5E37ED29CB279A009C2EB6 /* AlamofireAPIServiceMVVM.app */ = {isa = PBXFileReference; explicitFileType = wrapper.application; includeInIndex = 0; path = AlamofireAPIServiceMVVM.app; sourceTree = BUILT_PRODUCTS_DIR; };
		DE5E37F029CB279A009C2EB6 /* AlamofireAPIServiceMVVMApp.swift */ = {isa = PBXFileReference; lastKnownFileType = sourcecode.swift; path = AlamofireAPIServiceMVVMApp.swift; sourceTree = "<group>"; };
		DE5E37F229CB279A009C2EB6 /* ContentView.swift */ = {isa = PBXFileReference; lastKnownFileType = sourcecode.swift; path = ContentView.swift; sourceTree = "<group>"; };
		DE5E37F429CB279B009C2EB6 /* Assets.xcassets */ = {isa = PBXFileReference; lastKnownFileType = folder.assetcatalog; path = Assets.xcassets; sourceTree = "<group>"; };
		DE5E37F729CB279B009C2EB6 /* Preview Assets.xcassets */ = {isa = PBXFileReference; lastKnownFileType = folder.assetcatalog; path = "Preview Assets.xcassets"; sourceTree = "<group>"; };
		DE5E380029CB2976009C2EB6 /* ApiService.swift */ = {isa = PBXFileReference; lastKnownFileType = sourcecode.swift; path = ApiService.swift; sourceTree = "<group>"; };
		DE5E380529CB29FB009C2EB6 /* UserViewModel.swift */ = {isa = PBXFileReference; lastKnownFileType = sourcecode.swift; path = UserViewModel.swift; sourceTree = "<group>"; };
		DE5E380D29CB351E009C2EB6 /* UserDetailView.swift */ = {isa = PBXFileReference; lastKnownFileType = sourcecode.swift; path = UserDetailView.swift; sourceTree = "<group>"; };
/* End PBXFileReference section */

/* Begin PBXFrameworksBuildPhase section */
		DE5E37EA29CB279A009C2EB6 /* Frameworks */ = {
			isa = PBXFrameworksBuildPhase;
			buildActionMask = 2147483647;
			files = (
				DE5E380429CB29C2009C2EB6 /* Alamofire in Frameworks */,
			);
			runOnlyForDeploymentPostprocessing = 0;
		};
/* End PBXFrameworksBuildPhase section */

/* Begin PBXGroup section */
		DE0E7C1329CB9C1C0099E056 /* View */ = {
			isa = PBXGroup;
			children = (
				DE5E37F229CB279A009C2EB6 /* ContentView.swift */,
				DE5E380D29CB351E009C2EB6 /* UserDetailView.swift */,
			);
			path = View;
			sourceTree = "<group>";
		};
		DE0E7C1429CB9C270099E056 /* ViewModel */ = {
			isa = PBXGroup;
			children = (
				DE5E380529CB29FB009C2EB6 /* UserViewModel.swift */,
			);
			path = ViewModel;
			sourceTree = "<group>";
		};
		DE0E7C1529CB9C2F0099E056 /* Model */ = {
			isa = PBXGroup;
			children = (
				DE0E7C0D29CB9BFC0099E056 /* Address.swift */,
				DE0E7C0E29CB9BFC0099E056 /* Company.swift */,
				DE0E7C0F29CB9BFC0099E056 /* Geo.swift */,
				DE0E7C0B29CB9BE30099E056 /* User.swift */,
			);
			path = Model;
			sourceTree = "<group>";
		};
		DE0E7C1629CB9C4B0099E056 /* Service */ = {
			isa = PBXGroup;
			children = (
				DE5E380029CB2976009C2EB6 /* ApiService.swift */,
			);
			path = Service;
			sourceTree = "<group>";
		};
		DE5E37E429CB279A009C2EB6 = {
			isa = PBXGroup;
			children = (
				DE5E37EF29CB279A009C2EB6 /* AlamofireAPIServiceMVVM */,
				DE5E37EE29CB279A009C2EB6 /* Products */,
			);
			sourceTree = "<group>";
		};
		DE5E37EE29CB279A009C2EB6 /* Products */ = {
			isa = PBXGroup;
			children = (
				DE5E37ED29CB279A009C2EB6 /* AlamofireAPIServiceMVVM.app */,
			);
			name = Products;
			sourceTree = "<group>";
		};
		DE5E37EF29CB279A009C2EB6 /* AlamofireAPIServiceMVVM */ = {
			isa = PBXGroup;
			children = (
				DE0E7C1629CB9C4B0099E056 /* Service */,
				DE0E7C1529CB9C2F0099E056 /* Model */,
				DE0E7C1429CB9C270099E056 /* ViewModel */,
				DE0E7C1329CB9C1C0099E056 /* View */,
				DE5E37F029CB279A009C2EB6 /* AlamofireAPIServiceMVVMApp.swift */,
				DE5E37F429CB279B009C2EB6 /* Assets.xcassets */,
				DE5E37F629CB279B009C2EB6 /* Preview Content */,
			);
			path = AlamofireAPIServiceMVVM;
			sourceTree = "<group>";
		};
		DE5E37F629CB279B009C2EB6 /* Preview Content */ = {
			isa = PBXGroup;
			children = (
				DE5E37F729CB279B009C2EB6 /* Preview Assets.xcassets */,
			);
			path = "Preview Content";
			sourceTree = "<group>";
		};
/* End PBXGroup section */

/* Begin PBXNativeTarget section */
		DE5E37EC29CB279A009C2EB6 /* AlamofireAPIServiceMVVM */ = {
			isa = PBXNativeTarget;
			buildConfigurationList = DE5E37FB29CB279B009C2EB6 /* Build configuration list for PBXNativeTarget "AlamofireAPIServiceMVVM" */;
			buildPhases = (
				DE5E37E929CB279A009C2EB6 /* Sources */,
				DE5E37EA29CB279A009C2EB6 /* Frameworks */,
				DE5E37EB29CB279A009C2EB6 /* Resources */,
			);
			buildRules = (
			);
			dependencies = (
			);
			name = AlamofireAPIServiceMVVM;
			packageProductDependencies = (
				DE5E380329CB29C2009C2EB6 /* Alamofire */,
			);
			productName = AlamofireAPIServiceMVVM;
			productReference = DE5E37ED29CB279A009C2EB6 /* AlamofireAPIServiceMVVM.app */;
			productType = "com.apple.product-type.application";
		};
/* End PBXNativeTarget section */

/* Begin PBXProject section */
		DE5E37E529CB279A009C2EB6 /* Project object */ = {
			isa = PBXProject;
			attributes = {
				BuildIndependentTargetsInParallel = 1;
				LastSwiftUpdateCheck = 1420;
				LastUpgradeCheck = 1420;
				TargetAttributes = {
					DE5E37EC29CB279A009C2EB6 = {
						CreatedOnToolsVersion = 14.2;
					};
				};
			};
			buildConfigurationList = DE5E37E829CB279A009C2EB6 /* Build configuration list for PBXProject "AlamofireAPIServiceMVVM" */;
			compatibilityVersion = "Xcode 14.0";
			developmentRegion = en;
			hasScannedForEncodings = 0;
			knownRegions = (
				en,
				Base,
			);
			mainGroup = DE5E37E429CB279A009C2EB6;
			packageReferences = (
				DE5E380229CB29C2009C2EB6 /* XCRemoteSwiftPackageReference "Alamofire" */,
			);
			productRefGroup = DE5E37EE29CB279A009C2EB6 /* Products */;
			projectDirPath = "";
			projectRoot = "";
			targets = (
				DE5E37EC29CB279A009C2EB6 /* AlamofireAPIServiceMVVM */,
			);
		};
/* End PBXProject section */

/* Begin PBXResourcesBuildPhase section */
		DE5E37EB29CB279A009C2EB6 /* Resources */ = {
			isa = PBXResourcesBuildPhase;
			buildActionMask = 2147483647;
			files = (
				DE5E37F829CB279B009C2EB6 /* Preview Assets.xcassets in Resources */,
				DE5E37F529CB279B009C2EB6 /* Assets.xcassets in Resources */,
			);
			runOnlyForDeploymentPostprocessing = 0;
		};
/* End PBXResourcesBuildPhase section */

/* Begin PBXSourcesBuildPhase section */
		DE5E37E929CB279A009C2EB6 /* Sources */ = {
			isa = PBXSourcesBuildPhase;
			buildActionMask = 2147483647;
			files = (
				DE5E37F329CB279A009C2EB6 /* ContentView.swift in Sources */,
				DE5E37F129CB279A009C2EB6 /* AlamofireAPIServiceMVVMApp.swift in Sources */,
				DE0E7C0C29CB9BE30099E056 /* User.swift in Sources */,
				DE5E380129CB2976009C2EB6 /* ApiService.swift in Sources */,
				DE5E380E29CB351E009C2EB6 /* UserDetailView.swift in Sources */,
				DE5E380629CB29FB009C2EB6 /* UserViewModel.swift in Sources */,
				DE0E7C1029CB9BFC0099E056 /* Address.swift in Sources */,
				DE0E7C1129CB9BFC0099E056 /* Company.swift in Sources */,
				DE0E7C1229CB9BFC0099E056 /* Geo.swift in Sources */,
			);
			runOnlyForDeploymentPostprocessing = 0;
		};
/* End PBXSourcesBuildPhase section */

/* Begin XCBuildConfiguration section */
		DE5E37F929CB279B009C2EB6 /* Debug */ = {
			isa = XCBuildConfiguration;
			buildSettings = {
				ALWAYS_SEARCH_USER_PATHS = NO;
				CLANG_ANALYZER_NONNULL = YES;
				CLANG_ANALYZER_NUMBER_OBJECT_CONVERSION = YES_AGGRESSIVE;
				CLANG_CXX_LANGUAGE_STANDARD = "gnu++20";
				CLANG_ENABLE_MODULES = YES;
				CLANG_ENABLE_OBJC_ARC = YES;
				CLANG_ENABLE_OBJC_WEAK = YES;
				CLANG_WARN_BLOCK_CAPTURE_AUTORELEASING = YES;
				CLANG_WARN_BOOL_CONVERSION = YES;
				CLANG_WARN_COMMA = YES;
				CLANG_WARN_CONSTANT_CONVERSION = YES;
				CLANG_WARN_DEPRECATED_OBJC_IMPLEMENTATIONS = YES;
				CLANG_WARN_DIRECT_OBJC_ISA_USAGE = YES_ERROR;
				CLANG_WARN_DOCUMENTATION_COMMENTS = YES;
				CLANG_WARN_EMPTY_BODY = YES;
				CLANG_WARN_ENUM_CONVERSION = YES;
				CLANG_WARN_INFINITE_RECURSION = YES;
				CLANG_WARN_INT_CONVERSION = YES;
				CLANG_WARN_NON_LITERAL_NULL_CONVERSION = YES;
				CLANG_WARN_OBJC_IMPLICIT_RETAIN_SELF = YES;
				CLANG_WARN_OBJC_LITERAL_CONVERSION = YES;
				CLANG_WARN_OBJC_ROOT_CLASS = YES_ERROR;
				CLANG_WARN_QUOTED_INCLUDE_IN_FRAMEWORK_HEADER = YES;
				CLANG_WARN_RANGE_LOOP_ANALYSIS = YES;
				CLANG_WARN_STRICT_PROTOTYPES = YES;
				CLANG_WARN_SUSPICIOUS_MOVE = YES;
				CLANG_WARN_UNGUARDED_AVAILABILITY = YES_AGGRESSIVE;
				CLANG_WARN_UNREACHABLE_CODE = YES;
				CLANG_WARN__DUPLICATE_METHOD_MATCH = YES;
				COPY_PHASE_STRIP = NO;
				DEBUG_INFORMATION_FORMAT = dwarf;
				ENABLE_STRICT_OBJC_MSGSEND = YES;
				ENABLE_TESTABILITY = YES;
				GCC_C_LANGUAGE_STANDARD = gnu11;
				GCC_DYNAMIC_NO_PIC = NO;
				GCC_NO_COMMON_BLOCKS = YES;
				GCC_OPTIMIZATION_LEVEL = 0;
				GCC_PREPROCESSOR_DEFINITIONS = (
					"DEBUG=1",
					"$(inherited)",
				);
				GCC_WARN_64_TO_32_BIT_CONVERSION = YES;
				GCC_WARN_ABOUT_RETURN_TYPE = YES_ERROR;
				GCC_WARN_UNDECLARED_SELECTOR = YES;
				GCC_WARN_UNINITIALIZED_AUTOS = YES_AGGRESSIVE;
				GCC_WARN_UNUSED_FUNCTION = YES;
				GCC_WARN_UNUSED_VARIABLE = YES;
				IPHONEOS_DEPLOYMENT_TARGET = 16.2;
				MTL_ENABLE_DEBUG_INFO = INCLUDE_SOURCE;
				MTL_FAST_MATH = YES;
				ONLY_ACTIVE_ARCH = YES;
				SDKROOT = iphoneos;
				SWIFT_ACTIVE_COMPILATION_CONDITIONS = DEBUG;
				SWIFT_OPTIMIZATION_LEVEL = "-Onone";
			};
			name = Debug;
		};
		DE5E37FA29CB279B009C2EB6 /* Release */ = {
			isa = XCBuildConfiguration;
			buildSettings = {
				ALWAYS_SEARCH_USER_PATHS = NO;
				CLANG_ANALYZER_NONNULL = YES;
				CLANG_ANALYZER_NUMBER_OBJECT_CONVERSION = YES_AGGRESSIVE;
				CLANG_CXX_LANGUAGE_STANDARD = "gnu++20";
				CLANG_ENABLE_MODULES = YES;
				CLANG_ENABLE_OBJC_ARC = YES;
				CLANG_ENABLE_OBJC_WEAK = YES;
				CLANG_WARN_BLOCK_CAPTURE_AUTORELEASING = YES;
				CLANG_WARN_BOOL_CONVERSION = YES;
				CLANG_WARN_COMMA = YES;
				CLANG_WARN_CONSTANT_CONVERSION = YES;
				CLANG_WARN_DEPRECATED_OBJC_IMPLEMENTATIONS = YES;
				CLANG_WARN_DIRECT_OBJC_ISA_USAGE = YES_ERROR;
				CLANG_WARN_DOCUMENTATION_COMMENTS = YES;
				CLANG_WARN_EMPTY_BODY = YES;
				CLANG_WARN_ENUM_CONVERSION = YES;
				CLANG_WARN_INFINITE_RECURSION = YES;
				CLANG_WARN_INT_CONVERSION = YES;
				CLANG_WARN_NON_LITERAL_NULL_CONVERSION = YES;
				CLANG_WARN_OBJC_IMPLICIT_RETAIN_SELF = YES;
				CLANG_WARN_OBJC_LITERAL_CONVERSION = YES;
				CLANG_WARN_OBJC_ROOT_CLASS = YES_ERROR;
				CLANG_WARN_QUOTED_INCLUDE_IN_FRAMEWORK_HEADER = YES;
				CLANG_WARN_RANGE_LOOP_ANALYSIS = YES;
				CLANG_WARN_STRICT_PROTOTYPES = YES;
				CLANG_WARN_SUSPICIOUS_MOVE = YES;
				CLANG_WARN_UNGUARDED_AVAILABILITY = YES_AGGRESSIVE;
				CLANG_WARN_UNREACHABLE_CODE = YES;
				CLANG_WARN__DUPLICATE_METHOD_MATCH = YES;
				COPY_PHASE_STRIP = NO;
				DEBUG_INFORMATION_FORMAT = "dwarf-with-dsym";
				ENABLE_NS_ASSERTIONS = NO;
				ENABLE_STRICT_OBJC_MSGSEND = YES;
				GCC_C_LANGUAGE_STANDARD = gnu11;
				GCC_NO_COMMON_BLOCKS = YES;
				GCC_WARN_64_TO_32_BIT_CONVERSION = YES;
				GCC_WARN_ABOUT_RETURN_TYPE = YES_ERROR;
				GCC_WARN_UNDECLARED_SELECTOR = YES;
				GCC_WARN_UNINITIALIZED_AUTOS = YES_AGGRESSIVE;
				GCC_WARN_UNUSED_FUNCTION = YES;
				GCC_WARN_UNUSED_VARIABLE = YES;
				IPHONEOS_DEPLOYMENT_TARGET = 16.2;
				MTL_ENABLE_DEBUG_INFO = NO;
				MTL_FAST_MATH = YES;
				SDKROOT = iphoneos;
				SWIFT_COMPILATION_MODE = wholemodule;
				SWIFT_OPTIMIZATION_LEVEL = "-O";
				VALIDATE_PRODUCT = YES;
			};
			name = Release;
		};
		DE5E37FC29CB279B009C2EB6 /* Debug */ = {
			isa = XCBuildConfiguration;
			buildSettings = {
				ASSETCATALOG_COMPILER_APPICON_NAME = AppIcon;
				ASSETCATALOG_COMPILER_GLOBAL_ACCENT_COLOR_NAME = AccentColor;
				CODE_SIGN_STYLE = Automatic;
				CURRENT_PROJECT_VERSION = 1;
				DEVELOPMENT_ASSET_PATHS = "\"AlamofireAPIServiceMVVM/Preview Content\"";
				DEVELOPMENT_TEAM = 5RM3B24YU6;
				ENABLE_PREVIEWS = YES;
				GENERATE_INFOPLIST_FILE = YES;
				INFOPLIST_KEY_UIApplicationSceneManifest_Generation = YES;
				INFOPLIST_KEY_UIApplicationSupportsIndirectInputEvents = YES;
				INFOPLIST_KEY_UILaunchScreen_Generation = YES;
				INFOPLIST_KEY_UISupportedInterfaceOrientations_iPad = "UIInterfaceOrientationPortrait UIInterfaceOrientationPortraitUpsideDown UIInterfaceOrientationLandscapeLeft UIInterfaceOrientationLandscapeRight";
				INFOPLIST_KEY_UISupportedInterfaceOrientations_iPhone = "UIInterfaceOrientationPortrait UIInterfaceOrientationLandscapeLeft UIInterfaceOrientationLandscapeRight";
				LD_RUNPATH_SEARCH_PATHS = (
					"$(inherited)",
					"@executable_path/Frameworks",
				);
				MARKETING_VERSION = 1.0;
				PRODUCT_BUNDLE_IDENTIFIER = com.yuumamobile.AlamofireAPIServiceMVVM;
				PRODUCT_NAME = "$(TARGET_NAME)";
				SWIFT_EMIT_LOC_STRINGS = YES;
				SWIFT_VERSION = 5.0;
				TARGETED_DEVICE_FAMILY = "1,2";
			};
			name = Debug;
		};
		DE5E37FD29CB279B009C2EB6 /* Release */ = {
			isa = XCBuildConfiguration;
			buildSettings = {
				ASSETCATALOG_COMPILER_APPICON_NAME = AppIcon;
				ASSETCATALOG_COMPILER_GLOBAL_ACCENT_COLOR_NAME = AccentColor;
				CODE_SIGN_STYLE = Automatic;
				CURRENT_PROJECT_VERSION = 1;
				DEVELOPMENT_ASSET_PATHS = "\"AlamofireAPIServiceMVVM/Preview Content\"";
				DEVELOPMENT_TEAM = 5RM3B24YU6;
				ENABLE_PREVIEWS = YES;
				GENERATE_INFOPLIST_FILE = YES;
				INFOPLIST_KEY_UIApplicationSceneManifest_Generation = YES;
				INFOPLIST_KEY_UIApplicationSupportsIndirectInputEvents = YES;
				INFOPLIST_KEY_UILaunchScreen_Generation = YES;
				INFOPLIST_KEY_UISupportedInterfaceOrientations_iPad = "UIInterfaceOrientationPortrait UIInterfaceOrientationPortraitUpsideDown UIInterfaceOrientationLandscapeLeft UIInterfaceOrientationLandscapeRight";
				INFOPLIST_KEY_UISupportedInterfaceOrientations_iPhone = "UIInterfaceOrientationPortrait UIInterfaceOrientationLandscapeLeft UIInterfaceOrientationLandscapeRight";
				LD_RUNPATH_SEARCH_PATHS = (
					"$(inherited)",
					"@executable_path/Frameworks",
				);
				MARKETING_VERSION = 1.0;
				PRODUCT_BUNDLE_IDENTIFIER = com.yuumamobile.AlamofireAPIServiceMVVM;
				PRODUCT_NAME = "$(TARGET_NAME)";
				SWIFT_EMIT_LOC_STRINGS = YES;
				SWIFT_VERSION = 5.0;
				TARGETED_DEVICE_FAMILY = "1,2";
			};
			name = Release;
		};
/* End XCBuildConfiguration section */

/* Begin XCConfigurationList section */
		DE5E37E829CB279A009C2EB6 /* Build configuration list for PBXProject "AlamofireAPIServiceMVVM" */ = {
			isa = XCConfigurationList;
			buildConfigurations = (
				DE5E37F929CB279B009C2EB6 /* Debug */,
				DE5E37FA29CB279B009C2EB6 /* Release */,
			);
			defaultConfigurationIsVisible = 0;
			defaultConfigurationName = Release;
		};
		DE5E37FB29CB279B009C2EB6 /* Build configuration list for PBXNativeTarget "AlamofireAPIServiceMVVM" */ = {
			isa = XCConfigurationList;
			buildConfigurations = (
				DE5E37FC29CB279B009C2EB6 /* Debug */,
				DE5E37FD29CB279B009C2EB6 /* Release */,
			);
			defaultConfigurationIsVisible = 0;
			defaultConfigurationName = Release;
		};
/* End XCConfigurationList section */

/* Begin XCRemoteSwiftPackageReference section */
		DE5E380229CB29C2009C2EB6 /* XCRemoteSwiftPackageReference "Alamofire" */ = {
			isa = XCRemoteSwiftPackageReference;
			repositoryURL = "https://github.com/Alamofire/Alamofire.git";
			requirement = {
				branch = master;
				kind = branch;
			};
		};
/* End XCRemoteSwiftPackageReference section */

/* Begin XCSwiftPackageProductDependency section */
		DE5E380329CB29C2009C2EB6 /* Alamofire */ = {
			isa = XCSwiftPackageProductDependency;
			package = DE5E380229CB29C2009C2EB6 /* XCRemoteSwiftPackageReference "Alamofire" */;
			productName = Alamofire;
		};
/* End XCSwiftPackageProductDependency section */
	};
	rootObject = DE5E37E529CB279A009C2EB6 /* Project object */;
}
